
Microsoft Visual Studio Solution File, Format Version 12.00
# Visual Studio Version 16
VisualStudioVersion = 16.0.31005.135
MinimumVisualStudioVersion = 10.0.40219.1
Project("{8BC9CEB8-8B4A-11D0-8D11-00A0C91BC942}") = "Project Euler", "Project Euler.vcxproj", "{16BA5A05-4B90-46A7-99D0-FC2791B70DE3}"
EndProject
Project("{8BC9CEB8-8B4A-11D0-8D11-00A0C91BC942}") = "Proj1_20", "..\Proj1_20\Proj1_20.vcxproj", "{8758A24F-60DE-4777-B3AF-56DCD107E94E}"
EndProject
Project("{8BC9CEB8-8B4A-11D0-8D11-00A0C91BC942}") = "Proj21_40", "..\Proj21_40\Proj21_40.vcxproj", "{862D0D72-D92E-4676-8CDB-449639C9AC89}"
EndProject
Global
	GlobalSection(SolutionConfigurationPlatforms) = preSolution
		Debug|x64 = Debug|x64
		Debug|x86 = Debug|x86
		Release|x64 = Release|x64
		Release|x86 = Release|x86
	EndGlobalSection
	GlobalSection(ProjectConfigurationPlatforms) = postSolution
		{16BA5A05-4B90-46A7-99D0-FC2791B70DE3}.Debug|x64.ActiveCfg = Debug|x64
		{16BA5A05-4B90-46A7-99D0-FC2791B70DE3}.Debug|x64.Build.0 = Debug|x64
		{16BA5A05-4B90-46A7-99D0-FC2791B70DE3}.Debug|x86.ActiveCfg = Debug|Win32
		{16BA5A05-4B90-46A7-99D0-FC2791B70DE3}.Debug|x86.Build.0 = Debug|Win32
		{16BA5A05-4B90-46A7-99D0-FC2791B70DE3}.Release|x64.ActiveCfg = Release|x64
		{16BA5A05-4B90-46A7-99D0-FC2791B70DE3}.Release|x64.Build.0 = Release|x64
		{16BA5A05-4B90-46A7-99D0-FC2791B70DE3}.Release|x86.ActiveCfg = Release|Win32
		{16BA5A05-4B90-46A7-99D0-FC2791B70DE3}.Release|x86.Build.0 = Release|Win32
		{8758A24F-60DE-4777-B3AF-56DCD107E94E}.Debug|x64.ActiveCfg = Debug|x64
		{8758A24F-60DE-4777-B3AF-56DCD107E94E}.Debug|x64.Build.0 = Debug|x64
		{8758A24F-60DE-4777-B3AF-56DCD107E94E}.Debug|x86.ActiveCfg = Debug|Win32
		{8758A24F-60DE-4777-B3AF-56DCD107E94E}.Debug|x86.Build.0 = Debug|Win32
		{8758A24F-60DE-4777-B3AF-56DCD107E94E}.Release|x64.ActiveCfg = Release|x64
		{8758A24F-60DE-4777-B3AF-56DCD107E94E}.Release|x64.Build.0 = Release|x64
		{8758A24F-60DE-4777-B3AF-56DCD107E94E}.Release|x86.ActiveCfg = Release|Win32
		{8758A24F-60DE-4777-B3AF-56DCD107E94E}.Release|x86.Build.0 = Release|Win32
		{862D0D72-D92E-4676-8CDB-449639C9AC89}.Debug|x64.ActiveCfg = Debug|x64
		{862D0D72-D92E-4676-8CDB-449639C9AC89}.Debug|x64.Build.0 = Debug|x64
		{862D0D72-D92E-4676-8CDB-449639C9AC89}.Debug|x86.ActiveCfg = Debug|Win32
		{862D0D72-D92E-4676-8CDB-449639C9AC89}.Debug|x86.Build.0 = Debug|Win32
		{862D0D72-D92E-4676-8CDB-449639C9AC89}.Release|x64.ActiveCfg = Release|x64
		{862D0D72-D92E-4676-8CDB-449639C9AC89}.Release|x64.Build.0 = Release|x64
		{862D0D72-D92E-4676-8CDB-449639C9AC89}.Release|x86.ActiveCfg = Release|Win32
		{862D0D72-D92E-4676-8CDB-449639C9AC89}.Release|x86.Build.0 = Release|Win32
	EndGlobalSection
	GlobalSection(SolutionProperties) = preSolution
		HideSolutionNode = FALSE
	EndGlobalSection
	GlobalSection(ExtensibilityGlobals) = postSolution
		SolutionGuid = {414817E8-498A-4E19-9FD6-3BBC2383895F}
	EndGlobalSection
EndGlobal
